
Microsoft Visual Studio Solution File, Format Version 12.00
# Visual Studio 15
VisualStudioVersion = 15.0.27130.2010
MinimumVisualStudioVersion = 10.0.40219.1
Project("{FAE04EC0-301F-11D3-BF4B-00C04F79EFBC}") = "StatsLibrary", "StatsLibrary\StatsLibrary.csproj", "{33BF1907-FED8-4A20-A155-D9ADAB5F80A0}"
EndProject
Project("{FAE04EC0-301F-11D3-BF4B-00C04F79EFBC}") = "BaseballAverageStatsTest", "BaseballAverageStatsTest\BaseballAverageStatsTest.csproj", "{B3940B61-EC80-46E8-A6A6-B154F3F02D70}"
EndProject
Project("{FAE04EC0-301F-11D3-BF4B-00C04F79EFBC}") = "StatsManager", "StatsManager\StatsManager.csproj", "{ABEEE339-756C-47AB-AEAA-D339DFD16CF8}"
EndProject
Project("{FAE04EC0-301F-11D3-BF4B-00C04F79EFBC}") = "LahmanStatsTests", "LahmanStatsTests\LahmanStatsTests.csproj", "{A8D6C282-2CE1-46E1-A851-0A7863EC4C74}"
EndProject
Project("{FAE04EC0-301F-11D3-BF4B-00C04F79EFBC}") = "LahmanStats", "LahmanStats\LahmanStats.csproj", "{866FDE38-5752-4D83-BE16-5BF911C98E14}"
EndProject
Project("{FAE04EC0-301F-11D3-BF4B-00C04F79EFBC}") = "Database", "Database\Database.csproj", "{BD3226C7-447F-4158-B7BD-45E47F0E61CD}"
EndProject
Project("{FAE04EC0-301F-11D3-BF4B-00C04F79EFBC}") = "Playball", "Playball\Playball.csproj", "{F67D1925-3DC9-4AE5-8571-B105D6A889CA}"
EndProject
Global
	GlobalSection(SolutionConfigurationPlatforms) = preSolution
		Debug|Any CPU = Debug|Any CPU
		Release|Any CPU = Release|Any CPU
	EndGlobalSection
	GlobalSection(ProjectConfigurationPlatforms) = postSolution
		{33BF1907-FED8-4A20-A155-D9ADAB5F80A0}.Debug|Any CPU.ActiveCfg = Debug|Any CPU
		{33BF1907-FED8-4A20-A155-D9ADAB5F80A0}.Debug|Any CPU.Build.0 = Debug|Any CPU
		{33BF1907-FED8-4A20-A155-D9ADAB5F80A0}.Release|Any CPU.ActiveCfg = Release|Any CPU
		{33BF1907-FED8-4A20-A155-D9ADAB5F80A0}.Release|Any CPU.Build.0 = Release|Any CPU
		{B3940B61-EC80-46E8-A6A6-B154F3F02D70}.Debug|Any CPU.ActiveCfg = Debug|Any CPU
		{B3940B61-EC80-46E8-A6A6-B154F3F02D70}.Debug|Any CPU.Build.0 = Debug|Any CPU
		{B3940B61-EC80-46E8-A6A6-B154F3F02D70}.Release|Any CPU.ActiveCfg = Release|Any CPU
		{B3940B61-EC80-46E8-A6A6-B154F3F02D70}.Release|Any CPU.Build.0 = Release|Any CPU
		{ABEEE339-756C-47AB-AEAA-D339DFD16CF8}.Debug|Any CPU.ActiveCfg = Debug|Any CPU
		{ABEEE339-756C-47AB-AEAA-D339DFD16CF8}.Debug|Any CPU.Build.0 = Debug|Any CPU
		{ABEEE339-756C-47AB-AEAA-D339DFD16CF8}.Release|Any CPU.ActiveCfg = Release|Any CPU
		{ABEEE339-756C-47AB-AEAA-D339DFD16CF8}.Release|Any CPU.Build.0 = Release|Any CPU
		{A8D6C282-2CE1-46E1-A851-0A7863EC4C74}.Debug|Any CPU.ActiveCfg = Debug|Any CPU
		{A8D6C282-2CE1-46E1-A851-0A7863EC4C74}.Debug|Any CPU.Build.0 = Debug|Any CPU
		{A8D6C282-2CE1-46E1-A851-0A7863EC4C74}.Release|Any CPU.ActiveCfg = Release|Any CPU
		{A8D6C282-2CE1-46E1-A851-0A7863EC4C74}.Release|Any CPU.Build.0 = Release|Any CPU
		{866FDE38-5752-4D83-BE16-5BF911C98E14}.Debug|Any CPU.ActiveCfg = Debug|Any CPU
		{866FDE38-5752-4D83-BE16-5BF911C98E14}.Debug|Any CPU.Build.0 = Debug|Any CPU
		{866FDE38-5752-4D83-BE16-5BF911C98E14}.Release|Any CPU.ActiveCfg = Release|Any CPU
		{866FDE38-5752-4D83-BE16-5BF911C98E14}.Release|Any CPU.Build.0 = Release|Any CPU
		{BD3226C7-447F-4158-B7BD-45E47F0E61CD}.Debug|Any CPU.ActiveCfg = Debug|Any CPU
		{BD3226C7-447F-4158-B7BD-45E47F0E61CD}.Debug|Any CPU.Build.0 = Debug|Any CPU
		{BD3226C7-447F-4158-B7BD-45E47F0E61CD}.Release|Any CPU.ActiveCfg = Release|Any CPU
		{BD3226C7-447F-4158-B7BD-45E47F0E61CD}.Release|Any CPU.Build.0 = Release|Any CPU
		{F67D1925-3DC9-4AE5-8571-B105D6A889CA}.Debug|Any CPU.ActiveCfg = Debug|Any CPU
		{F67D1925-3DC9-4AE5-8571-B105D6A889CA}.Debug|Any CPU.Build.0 = Debug|Any CPU
		{F67D1925-3DC9-4AE5-8571-B105D6A889CA}.Release|Any CPU.ActiveCfg = Release|Any CPU
		{F67D1925-3DC9-4AE5-8571-B105D6A889CA}.Release|Any CPU.Build.0 = Release|Any CPU
	EndGlobalSection
	GlobalSection(SolutionProperties) = preSolution
		HideSolutionNode = FALSE
	EndGlobalSection
	GlobalSection(ExtensibilityGlobals) = postSolution
		SolutionGuid = {2998CF12-F5E2-45C7-903A-7330FC72EC0F}
	EndGlobalSection
EndGlobal
